// !$*UTF8*$!
{
	archiveVersion = 1;
	classes = {
	};
	objectVersion = 46;
	objects = {

/* Begin PBXBuildFile section */
		56B5B667195AAB5C0064F5D8 /* Foundation.framework in Frameworks */ = {isa = PBXBuildFile; fileRef = 56B5B666195AAB5C0064F5D8 /* Foundation.framework */; };
		56B5B669195AAB5C0064F5D8 /* CoreGraphics.framework in Frameworks */ = {isa = PBXBuildFile; fileRef = 56B5B668195AAB5C0064F5D8 /* CoreGraphics.framework */; };
		56B5B66B195AAB5C0064F5D8 /* UIKit.framework in Frameworks */ = {isa = PBXBuildFile; fileRef = 56B5B66A195AAB5C0064F5D8 /* UIKit.framework */; };
		56B5B671195AAB5C0064F5D8 /* InfoPlist.strings in Resources */ = {isa = PBXBuildFile; fileRef = 56B5B66F195AAB5C0064F5D8 /* InfoPlist.strings */; };
		56B5B673195AAB5C0064F5D8 /* main.m in Sources */ = {isa = PBXBuildFile; fileRef = 56B5B672195AAB5C0064F5D8 /* main.m */; };
		56B5B677195AAB5C0064F5D8 /* TMAppDelegate.m in Sources */ = {isa = PBXBuildFile; fileRef = 56B5B676195AAB5C0064F5D8 /* TMAppDelegate.m */; };
		56B5B67A195AAB5C0064F5D8 /* Main.storyboard in Resources */ = {isa = PBXBuildFile; fileRef = 56B5B678195AAB5C0064F5D8 /* Main.storyboard */; };
		56B5B67D195AAB5C0064F5D8 /* TMViewController.m in Sources */ = {isa = PBXBuildFile; fileRef = 56B5B67C195AAB5C0064F5D8 /* TMViewController.m */; };
		56B5B67F195AAB5C0064F5D8 /* Images.xcassets in Resources */ = {isa = PBXBuildFile; fileRef = 56B5B67E195AAB5C0064F5D8 /* Images.xcassets */; };
		56B5B686195AAB5C0064F5D8 /* XCTest.framework in Frameworks */ = {isa = PBXBuildFile; fileRef = 56B5B685195AAB5C0064F5D8 /* XCTest.framework */; };
		56B5B687195AAB5C0064F5D8 /* Foundation.framework in Frameworks */ = {isa = PBXBuildFile; fileRef = 56B5B666195AAB5C0064F5D8 /* Foundation.framework */; };
		56B5B688195AAB5C0064F5D8 /* UIKit.framework in Frameworks */ = {isa = PBXBuildFile; fileRef = 56B5B66A195AAB5C0064F5D8 /* UIKit.framework */; };
		56B5B690195AAB5C0064F5D8 /* InfoPlist.strings in Resources */ = {isa = PBXBuildFile; fileRef = 56B5B68E195AAB5C0064F5D8 /* InfoPlist.strings */; };
		56B5B692195AAB5C0064F5D8 /* tutorialTests.m in Sources */ = {isa = PBXBuildFile; fileRef = 56B5B691195AAB5C0064F5D8 /* tutorialTests.m */; };
		56B5B69D195ABE620064F5D8 /* TMTableViewController.m in Sources */ = {isa = PBXBuildFile; fileRef = 56B5B69C195ABE620064F5D8 /* TMTableViewController.m */; };
/* End PBXBuildFile section */

/* Begin PBXContainerItemProxy section */
		56B5B689195AAB5C0064F5D8 /* PBXContainerItemProxy */ = {
			isa = PBXContainerItemProxy;
			containerPortal = 56B5B65B195AAB5C0064F5D8 /* Project object */;
			proxyType = 1;
			remoteGlobalIDString = 56B5B662195AAB5C0064F5D8;
			remoteInfo = tutorial;
		};
/* End PBXContainerItemProxy section */

/* Begin PBXFileReference section */
		56B5B663195AAB5C0064F5D8 /* tutorial.app */ = {isa = PBXFileReference; explicitFileType = wrapper.application; includeInIndex = 0; path = tutorial.app; sourceTree = BUILT_PRODUCTS_DIR; };
		56B5B666195AAB5C0064F5D8 /* Foundation.framework */ = {isa = PBXFileReference; lastKnownFileType = wrapper.framework; name = Foundation.framework; path = System/Library/Frameworks/Foundation.framework; sourceTree = SDKROOT; };
		56B5B668195AAB5C0064F5D8 /* CoreGraphics.framework */ = {isa = PBXFileReference; lastKnownFileType = wrapper.framework; name = CoreGraphics.framework; path = System/Library/Frameworks/CoreGraphics.framework; sourceTree = SDKROOT; };
		56B5B66A195AAB5C0064F5D8 /* UIKit.framework */ = {isa = PBXFileReference; lastKnownFileType = wrapper.framework; name = UIKit.framework; path = System/Library/Frameworks/UIKit.framework; sourceTree = SDKROOT; };
		56B5B66E195AAB5C0064F5D8 /* tutorial-Info.plist */ = {isa = PBXFileReference; lastKnownFileType = text.plist.xml; path = "tutorial-Info.plist"; sourceTree = "<group>"; };
		56B5B670195AAB5C0064F5D8 /* en */ = {isa = PBXFileReference; lastKnownFileType = text.plist.strings; name = en; path = en.lproj/InfoPlist.strings; sourceTree = "<group>"; };
		56B5B672195AAB5C0064F5D8 /* main.m */ = {isa = PBXFileReference; lastKnownFileType = sourcecode.c.objc; path = main.m; sourceTree = "<group>"; };
		56B5B674195AAB5C0064F5D8 /* tutorial-Prefix.pch */ = {isa = PBXFileReference; lastKnownFileType = sourcecode.c.h; path = "tutorial-Prefix.pch"; sourceTree = "<group>"; };
		56B5B675195AAB5C0064F5D8 /* TMAppDelegate.h */ = {isa = PBXFileReference; lastKnownFileType = sourcecode.c.h; path = TMAppDelegate.h; sourceTree = "<group>"; };
		56B5B676195AAB5C0064F5D8 /* TMAppDelegate.m */ = {isa = PBXFileReference; lastKnownFileType = sourcecode.c.objc; path = TMAppDelegate.m; sourceTree = "<group>"; };
		56B5B679195AAB5C0064F5D8 /* Base */ = {isa = PBXFileReference; lastKnownFileType = file.storyboard; name = Base; path = Base.lproj/Main.storyboard; sourceTree = "<group>"; };
		56B5B67B195AAB5C0064F5D8 /* TMViewController.h */ = {isa = PBXFileReference; lastKnownFileType = sourcecode.c.h; path = TMViewController.h; sourceTree = "<group>"; };
		56B5B67C195AAB5C0064F5D8 /* TMViewController.m */ = {isa = PBXFileReference; lastKnownFileType = sourcecode.c.objc; path = TMViewController.m; sourceTree = "<group>"; };
		56B5B67E195AAB5C0064F5D8 /* Images.xcassets */ = {isa = PBXFileReference; lastKnownFileType = folder.assetcatalog; path = Images.xcassets; sourceTree = "<group>"; };
		56B5B684195AAB5C0064F5D8 /* tutorialTests.xctest */ = {isa = PBXFileReference; explicitFileType = wrapper.cfbundle; includeInIndex = 0; path = tutorialTests.xctest; sourceTree = BUILT_PRODUCTS_DIR; };
		56B5B685195AAB5C0064F5D8 /* XCTest.framework */ = {isa = PBXFileReference; lastKnownFileType = wrapper.framework; name = XCTest.framework; path = Library/Frameworks/XCTest.framework; sourceTree = DEVELOPER_DIR; };
		56B5B68D195AAB5C0064F5D8 /* tutorialTests-Info.plist */ = {isa = PBXFileReference; lastKnownFileType = text.plist.xml; path = "tutorialTests-Info.plist"; sourceTree = "<group>"; };
		56B5B68F195AAB5C0064F5D8 /* en */ = {isa = PBXFileReference; lastKnownFileType = text.plist.strings; name = en; path = en.lproj/InfoPlist.strings; sourceTree = "<group>"; };
		56B5B691195AAB5C0064F5D8 /* tutorialTests.m */ = {isa = PBXFileReference; lastKnownFileType = sourcecode.c.objc; path = tutorialTests.m; sourceTree = "<group>"; };
		56B5B69B195ABE620064F5D8 /* TMTableViewController.h */ = {isa = PBXFileReference; fileEncoding = 4; lastKnownFileType = sourcecode.c.h; path = TMTableViewController.h; sourceTree = "<group>"; };
		56B5B69C195ABE620064F5D8 /* TMTableViewController.m */ = {isa = PBXFileReference; fileEncoding = 4; lastKnownFileType = sourcecode.c.objc; path = TMTableViewController.m; sourceTree = "<group>"; };
/* End PBXFileReference section */

/* Begin PBXFrameworksBuildPhase section */
		56B5B660195AAB5C0064F5D8 /* Frameworks */ = {
			isa = PBXFrameworksBuildPhase;
			buildActionMask = 2147483647;
			files = (
				56B5B669195AAB5C0064F5D8 /* CoreGraphics.framework in Frameworks */,
				56B5B66B195AAB5C0064F5D8 /* UIKit.framework in Frameworks */,
				56B5B667195AAB5C0064F5D8 /* Foundation.framework in Frameworks */,
			);
			runOnlyForDeploymentPostprocessing = 0;
		};
		56B5B681195AAB5C0064F5D8 /* Frameworks */ = {
			isa = PBXFrameworksBuildPhase;
			buildActionMask = 2147483647;
			files = (
				56B5B686195AAB5C0064F5D8 /* XCTest.framework in Frameworks */,
				56B5B688195AAB5C0064F5D8 /* UIKit.framework in Frameworks */,
				56B5B687195AAB5C0064F5D8 /* Foundation.framework in Frameworks */,
			);
			runOnlyForDeploymentPostprocessing = 0;
		};
/* End PBXFrameworksBuildPhase section */

/* Begin PBXGroup section */
		56B5B65A195AAB5C0064F5D8 = {
			isa = PBXGroup;
			children = (
				56B5B66C195AAB5C0064F5D8 /* tutorial */,
				56B5B68B195AAB5C0064F5D8 /* tutorialTests */,
				56B5B665195AAB5C0064F5D8 /* Frameworks */,
				56B5B664195AAB5C0064F5D8 /* Products */,
			);
			sourceTree = "<group>";
		};
		56B5B664195AAB5C0064F5D8 /* Products */ = {
			isa = PBXGroup;
			children = (
				56B5B663195AAB5C0064F5D8 /* tutorial.app */,
				56B5B684195AAB5C0064F5D8 /* tutorialTests.xctest */,
			);
			name = Products;
			sourceTree = "<group>";
		};
		56B5B665195AAB5C0064F5D8 /* Frameworks */ = {
			isa = PBXGroup;
			children = (
				56B5B666195AAB5C0064F5D8 /* Foundation.framework */,
				56B5B668195AAB5C0064F5D8 /* CoreGraphics.framework */,
				56B5B66A195AAB5C0064F5D8 /* UIKit.framework */,
				56B5B685195AAB5C0064F5D8 /* XCTest.framework */,
			);
			name = Frameworks;
			sourceTree = "<group>";
		};
		56B5B66C195AAB5C0064F5D8 /* tutorial */ = {
			isa = PBXGroup;
			children = (
				56B5B675195AAB5C0064F5D8 /* TMAppDelegate.h */,
				56B5B676195AAB5C0064F5D8 /* TMAppDelegate.m */,
				56B5B678195AAB5C0064F5D8 /* Main.storyboard */,
				56B5B67B195AAB5C0064F5D8 /* TMViewController.h */,
				56B5B69B195ABE620064F5D8 /* TMTableViewController.h */,
				56B5B69C195ABE620064F5D8 /* TMTableViewController.m */,
				56B5B67C195AAB5C0064F5D8 /* TMViewController.m */,
				56B5B67E195AAB5C0064F5D8 /* Images.xcassets */,
				56B5B66D195AAB5C0064F5D8 /* Supporting Files */,
			);
			path = tutorial;
			sourceTree = "<group>";
		};
		56B5B66D195AAB5C0064F5D8 /* Supporting Files */ = {
			isa = PBXGroup;
			children = (
				56B5B66E195AAB5C0064F5D8 /* tutorial-Info.plist */,
				56B5B66F195AAB5C0064F5D8 /* InfoPlist.strings */,
				56B5B672195AAB5C0064F5D8 /* main.m */,
				56B5B674195AAB5C0064F5D8 /* tutorial-Prefix.pch */,
			);
			name = "Supporting Files";
			sourceTree = "<group>";
		};
		56B5B68B195AAB5C0064F5D8 /* tutorialTests */ = {
			isa = PBXGroup;
			children = (
				56B5B691195AAB5C0064F5D8 /* tutorialTests.m */,
				56B5B68C195AAB5C0064F5D8 /* Supporting Files */,
			);
			path = tutorialTests;
			sourceTree = "<group>";
		};
		56B5B68C195AAB5C0064F5D8 /* Supporting Files */ = {
			isa = PBXGroup;
			children = (
				56B5B68D195AAB5C0064F5D8 /* tutorialTests-Info.plist */,
				56B5B68E195AAB5C0064F5D8 /* InfoPlist.strings */,
			);
			name = "Supporting Files";
			sourceTree = "<group>";
		};
/* End PBXGroup section */

/* Begin PBXNativeTarget section */
		56B5B662195AAB5C0064F5D8 /* tutorial */ = {
			isa = PBXNativeTarget;
			buildConfigurationList = 56B5B695195AAB5C0064F5D8 /* Build configuration list for PBXNativeTarget "tutorial" */;
			buildPhases = (
				56B5B65F195AAB5C0064F5D8 /* Sources */,
				56B5B660195AAB5C0064F5D8 /* Frameworks */,
				56B5B661195AAB5C0064F5D8 /* Resources */,
			);
			buildRules = (
			);
			dependencies = (
			);
			name = tutorial;
			productName = tutorial;
			productReference = 56B5B663195AAB5C0064F5D8 /* tutorial.app */;
			productType = "com.apple.product-type.application";
		};
		56B5B683195AAB5C0064F5D8 /* tutorialTests */ = {
			isa = PBXNativeTarget;
			buildConfigurationList = 56B5B698195AAB5C0064F5D8 /* Build configuration list for PBXNativeTarget "tutorialTests" */;
			buildPhases = (
				56B5B680195AAB5C0064F5D8 /* Sources */,
				56B5B681195AAB5C0064F5D8 /* Frameworks */,
				56B5B682195AAB5C0064F5D8 /* Resources */,
			);
			buildRules = (
			);
			dependencies = (
				56B5B68A195AAB5C0064F5D8 /* PBXTargetDependency */,
			);
			name = tutorialTests;
			productName = tutorialTests;
			productReference = 56B5B684195AAB5C0064F5D8 /* tutorialTests.xctest */;
			productType = "com.apple.product-type.bundle.unit-test";
		};
/* End PBXNativeTarget section */

/* Begin PBXProject section */
		56B5B65B195AAB5C0064F5D8 /* Project object */ = {
			isa = PBXProject;
			attributes = {
				CLASSPREFIX = TM;
				LastUpgradeCheck = 0510;
				ORGANIZATIONNAME = "Tim McHale";
				TargetAttributes = {
					56B5B683195AAB5C0064F5D8 = {
						TestTargetID = 56B5B662195AAB5C0064F5D8;
					};
				};
			};
			buildConfigurationList = 56B5B65E195AAB5C0064F5D8 /* Build configuration list for PBXProject "tutorial" */;
			compatibilityVersion = "Xcode 3.2";
			developmentRegion = English;
			hasScannedForEncodings = 0;
			knownRegions = (
				en,
				Base,
			);
			mainGroup = 56B5B65A195AAB5C0064F5D8;
			productRefGroup = 56B5B664195AAB5C0064F5D8 /* Products */;
			projectDirPath = "";
			projectRoot = "";
			targets = (
				56B5B662195AAB5C0064F5D8 /* tutorial */,
				56B5B683195AAB5C0064F5D8 /* tutorialTests */,
			);
		};
/* End PBXProject section */

/* Begin PBXResourcesBuildPhase section */
		56B5B661195AAB5C0064F5D8 /* Resources */ = {
			isa = PBXResourcesBuildPhase;
			buildActionMask = 2147483647;
			files = (
				56B5B67F195AAB5C0064F5D8 /* Images.xcassets in Resources */,
				56B5B671195AAB5C0064F5D8 /* InfoPlist.strings in Resources */,
				56B5B67A195AAB5C0064F5D8 /* Main.storyboard in Resources */,
			);
			runOnlyForDeploymentPostprocessing = 0;
		};
		56B5B682195AAB5C0064F5D8 /* Resources */ = {
			isa = PBXResourcesBuildPhase;
			buildActionMask = 2147483647;
			files = (
				56B5B690195AAB5C0064F5D8 /* InfoPlist.strings in Resources */,
			);
			runOnlyForDeploymentPostprocessing = 0;
		};
/* End PBXResourcesBuildPhase section */

/* Begin PBXSourcesBuildPhase section */
		56B5B65F195AAB5C0064F5D8 /* Sources */ = {
			isa = PBXSourcesBuildPhase;
			buildActionMask = 2147483647;
			files = (
				56B5B67D195AAB5C0064F5D8 /* TMViewController.m in Sources */,
				56B5B673195AAB5C0064F5D8 /* main.m in Sources */,
				56B5B69D195ABE620064F5D8 /* TMTableViewController.m in Sources */,
				56B5B677195AAB5C0064F5D8 /* TMAppDelegate.m in Sources */,
			);
			runOnlyForDeploymentPostprocessing = 0;
		};
		56B5B680195AAB5C0064F5D8 /* Sources */ = {
			isa = PBXSourcesBuildPhase;
			buildActionMask = 2147483647;
			files = (
				56B5B692195AAB5C0064F5D8 /* tutorialTests.m in Sources */,
			);
			runOnlyForDeploymentPostprocessing = 0;
		};
/* End PBXSourcesBuildPhase section */

/* Begin PBXTargetDependency section */
		56B5B68A195AAB5C0064F5D8 /* PBXTargetDependency */ = {
			isa = PBXTargetDependency;
			target = 56B5B662195AAB5C0064F5D8 /* tutorial */;
			targetProxy = 56B5B689195AAB5C0064F5D8 /* PBXContainerItemProxy */;
		};
/* End PBXTargetDependency section */

/* Begin PBXVariantGroup section */
		56B5B66F195AAB5C0064F5D8 /* InfoPlist.strings */ = {
			isa = PBXVariantGroup;
			children = (
				56B5B670195AAB5C0064F5D8 /* en */,
			);
			name = InfoPlist.strings;
			sourceTree = "<group>";
		};
		56B5B678195AAB5C0064F5D8 /* Main.storyboard */ = {
			isa = PBXVariantGroup;
			children = (
				56B5B679195AAB5C0064F5D8 /* Base */,
			);
			name = Main.storyboard;
			sourceTree = "<group>";
		};
		56B5B68E195AAB5C0064F5D8 /* InfoPlist.strings */ = {
			isa = PBXVariantGroup;
			children = (
				56B5B68F195AAB5C0064F5D8 /* en */,
			);
			name = InfoPlist.strings;
			sourceTree = "<group>";
		};
/* End PBXVariantGroup section */

/* Begin XCBuildConfiguration section */
		56B5B693195AAB5C0064F5D8 /* Debug */ = {
			isa = XCBuildConfiguration;
			buildSettings = {
				ALWAYS_SEARCH_USER_PATHS = NO;
				CLANG_CXX_LANGUAGE_STANDARD = "gnu++0x";
				CLANG_CXX_LIBRARY = "libc++";
				CLANG_ENABLE_MODULES = YES;
				CLANG_ENABLE_OBJC_ARC = YES;
				CLANG_WARN_BOOL_CONVERSION = YES;
				CLANG_WARN_CONSTANT_CONVERSION = YES;
				CLANG_WARN_DIRECT_OBJC_ISA_USAGE = YES_ERROR;
				CLANG_WARN_EMPTY_BODY = YES;
				CLANG_WARN_ENUM_CONVERSION = YES;
				CLANG_WARN_INT_CONVERSION = YES;
				CLANG_WARN_OBJC_ROOT_CLASS = YES_ERROR;
				CLANG_WARN__DUPLICATE_METHOD_MATCH = YES;
				"CODE_SIGN_IDENTITY[sdk=iphoneos*]" = "iPhone Developer";
				COPY_PHASE_STRIP = NO;
				GCC_C_LANGUAGE_STANDARD = gnu99;
				GCC_DYNAMIC_NO_PIC = NO;
				GCC_OPTIMIZATION_LEVEL = 0;
				GCC_PREPROCESSOR_DEFINITIONS = (
					"DEBUG=1",
					"$(inherited)",
				);
				GCC_SYMBOLS_PRIVATE_EXTERN = NO;
				GCC_WARN_64_TO_32_BIT_CONVERSION = YES;
				GCC_WARN_ABOUT_RETURN_TYPE = YES_ERROR;
				GCC_WARN_UNDECLARED_SELECTOR = YES;
				GCC_WARN_UNINITIALIZED_AUTOS = YES_AGGRESSIVE;
				GCC_WARN_UNUSED_FUNCTION = YES;
				GCC_WARN_UNUSED_VARIABLE = YES;
				IPHONEOS_DEPLOYMENT_TARGET = 7.1;
				ONLY_ACTIVE_ARCH = YES;
				SDKROOT = iphoneos;
			};
			name = Debug;
		};
		56B5B694195AAB5C0064F5D8 /* Release */ = {
			isa = XCBuildConfiguration;
			buildSettings = {
				ALWAYS_SEARCH_USER_PATHS = NO;
				CLANG_CXX_LANGUAGE_STANDARD = "gnu++0x";
				CLANG_CXX_LIBRARY = "libc++";
				CLANG_ENABLE_MODULES = YES;
				CLANG_ENABLE_OBJC_ARC = YES;
				CLANG_WARN_BOOL_CONVERSION = YES;
				CLANG_WARN_CONSTANT_CONVERSION = YES;
				CLANG_WARN_DIRECT_OBJC_ISA_USAGE = YES_ERROR;
				CLANG_WARN_EMPTY_BODY = YES;
				CLANG_WARN_ENUM_CONVERSION = YES;
				CLANG_WARN_INT_CONVERSION = YES;
				CLANG_WARN_OBJC_ROOT_CLASS = YES_ERROR;
				CLANG_WARN__DUPLICATE_METHOD_MATCH = YES;
				"CODE_SIGN_IDENTITY[sdk=iphoneos*]" = "iPhone Developer";
				COPY_PHASE_STRIP = YES;
				ENABLE_NS_ASSERTIONS = NO;
				GCC_C_LANGUAGE_STANDARD = gnu99;
				GCC_WARN_64_TO_32_BIT_CONVERSION = YES;
				GCC_WARN_ABOUT_RETURN_TYPE = YES_ERROR;
				GCC_WARN_UNDECLARED_SELECTOR = YES;
				GCC_WARN_UNINITIALIZED_AUTOS = YES_AGGRESSIVE;
				GCC_WARN_UNUSED_FUNCTION = YES;
				GCC_WARN_UNUSED_VARIABLE = YES;
				IPHONEOS_DEPLOYMENT_TARGET = 7.1;
				SDKROOT = iphoneos;
				VALIDATE_PRODUCT = YES;
			};
			name = Release;
		};
		56B5B696195AAB5C0064F5D8 /* Debug */ = {
			isa = XCBuildConfiguration;
			buildSettings = {
				ASSETCATALOG_COMPILER_APPICON_NAME = AppIcon;
				ASSETCATALOG_COMPILER_LAUNCHIMAGE_NAME = LaunchImage;
				GCC_PRECOMPILE_PREFIX_HEADER = YES;
				GCC_PREFIX_HEADER = "tutorial/tutorial-Prefix.pch";
				INFOPLIST_FILE = "tutorial/tutorial-Info.plist";
				PRODUCT_NAME = "$(TARGET_NAME)";
				WRAPPER_EXTENSION = app;
			};
			name = Debug;
		};
		56B5B697195AAB5C0064F5D8 /* Release */ = {
			isa = XCBuildConfiguration;
			buildSettings = {
				ASSETCATALOG_COMPILER_APPICON_NAME = AppIcon;
				ASSETCATALOG_COMPILER_LAUNCHIMAGE_NAME = LaunchImage;
				GCC_PRECOMPILE_PREFIX_HEADER = YES;
				GCC_PREFIX_HEADER = "tutorial/tutorial-Prefix.pch";
				INFOPLIST_FILE = "tutorial/tutorial-Info.plist";
				PRODUCT_NAME = "$(TARGET_NAME)";
				WRAPPER_EXTENSION = app;
			};
			name = Release;
		};
		56B5B699195AAB5C0064F5D8 /* Debug */ = {
			isa = XCBuildConfiguration;
			buildSettings = {
				BUNDLE_LOADER = "$(BUILT_PRODUCTS_DIR)/tutorial.app/tutorial";
				FRAMEWORK_SEARCH_PATHS = (
					"$(SDKROOT)/Developer/Library/Frameworks",
					"$(inherited)",
					"$(DEVELOPER_FRAMEWORKS_DIR)",
				);
				GCC_PRECOMPILE_PREFIX_HEADER = YES;
				GCC_PREFIX_HEADER = "tutorial/tutorial-Prefix.pch";
				GCC_PREPROCESSOR_DEFINITIONS = (
					"DEBUG=1",
					"$(inherited)",
				);
				INFOPLIST_FILE = "tutorialTests/tutorialTests-Info.plist";
				PRODUCT_NAME = "$(TARGET_NAME)";
				TEST_HOST = "$(BUNDLE_LOADER)";
				WRAPPER_EXTENSION = xctest;
			};
			name = Debug;
		};
		56B5B69A195AAB5C0064F5D8 /* Release */ = {
			isa = XCBuildConfiguration;
			buildSettings = {
				BUNDLE_LOADER = "$(BUILT_PRODUCTS_DIR)/tutorial.app/tutorial";
				FRAMEWORK_SEARCH_PATHS = (
					"$(SDKROOT)/Developer/Library/Frameworks",
					"$(inherited)",
					"$(DEVELOPER_FRAMEWORKS_DIR)",
				);
				GCC_PRECOMPILE_PREFIX_HEADER = YES;
				GCC_PREFIX_HEADER = "tutorial/tutorial-Prefix.pch";
				INFOPLIST_FILE = "tutorialTests/tutorialTests-Info.plist";
				PRODUCT_NAME = "$(TARGET_NAME)";
				TEST_HOST = "$(BUNDLE_LOADER)";
				WRAPPER_EXTENSION = xctest;
			};
			name = Release;
		};
/* End XCBuildConfiguration section */

/* Begin XCConfigurationList section */
		56B5B65E195AAB5C0064F5D8 /* Build configuration list for PBXProject "tutorial" */ = {
			isa = XCConfigurationList;
			buildConfigurations = (
				56B5B693195AAB5C0064F5D8 /* Debug */,
				56B5B694195AAB5C0064F5D8 /* Release */,
			);
			defaultConfigurationIsVisible = 0;
			defaultConfigurationName = Release;
		};
		56B5B695195AAB5C0064F5D8 /* Build configuration list for PBXNativeTarget "tutorial" */ = {
			isa = XCConfigurationList;
			buildConfigurations = (
				56B5B696195AAB5C0064F5D8 /* Debug */,
				56B5B697195AAB5C0064F5D8 /* Release */,
			);
			defaultConfigurationIsVisible = 0;
		};
		56B5B698195AAB5C0064F5D8 /* Build configuration list for PBXNativeTarget "tutorialTests" */ = {
			isa = XCConfigurationList;
			buildConfigurations = (
				56B5B699195AAB5C0064F5D8 /* Debug */,
				56B5B69A195AAB5C0064F5D8 /* Release */,
			);
			defaultConfigurationIsVisible = 0;
		};
/* End XCConfigurationList section */
	};
	rootObject = 56B5B65B195AAB5C0064F5D8 /* Project object */;
}
